#MicroXplorer Configuration settings - do not modify
#Sat Oct 24 12:10:40 MSK 2015
FREERTOS.IPParameters=Tasks01
FREERTOS.Tasks01=defaultTask,0,128,StartDefaultTask
File.Version=5
KeepUserPlacement=false
Mcu.Family=STM32F1
Mcu.IP0=FREERTOS
Mcu.IP1=NVIC
Mcu.IP2=RCC
Mcu.IP3=SYS
Mcu.IPNb=4
Mcu.Name=STM32F103C(8-B)Tx
Mcu.Package=LQFP48
Mcu.Pin0=PC13-TAMPER-RTC
Mcu.Pin1=PC14-OSC32_IN
Mcu.Pin2=PC15-OSC32_OUT
Mcu.Pin3=PD0-OSC_IN
Mcu.Pin4=PD1-OSC_OUT
Mcu.Pin5=PB1
Mcu.Pin6=PA13
Mcu.Pin7=PA14
Mcu.Pin8=PB8
Mcu.Pin9=VP_FREERTOS_VS_ENABLE
Mcu.PinsNb=10
Mcu.UserName=STM32F103CBTx
MxCube.Version=4.7.1
MxDb.Version=DB.4.0.71
NVIC.PriorityGroup=NVIC_PRIORITYGROUP_4
NVIC.SysTick_IRQn=true\:0\:0\:false
PA13.Mode=Serial_Wire
PA13.Signal=SYS_JTMS-SWDIO
PA14.Mode=Serial_Wire
PA14.Signal=SYS_JTCK-SWCLK
PB1.GPIOParameters=GPIO_Speed,GPIO_Label,GPIO_ModeDefaultOutputPP
PB1.GPIO_Label=BOARD_LED
PB1.GPIO_ModeDefaultOutputPP=GPIO_MODE_OUTPUT_PP
PB1.GPIO_Speed=GPIO_SPEED_LOW
PB1.Locked=true
PB1.Signal=GPIO_Output
PB8.GPIOParameters=GPIO_PuPd,GPIO_Label,GPIO_Mode
PB8.GPIO_Label=BOARD_BUTTON
PB8.GPIO_Mode=GPIO_MODE_INPUT
PB8.GPIO_PuPd=GPIO_NOPULL
PB8.Locked=true
PB8.Signal=GPIO_Input
PC13-TAMPER-RTC.GPIOParameters=GPIO_PuPd,GPIO_Label,GPIO_Mode
PC13-TAMPER-RTC.GPIO_Label=SENSOR
PC13-TAMPER-RTC.GPIO_Mode=GPIO_MODE_INPUT
PC13-TAMPER-RTC.GPIO_PuPd=GPIO_NOPULL
PC13-TAMPER-RTC.Locked=true
PC13-TAMPER-RTC.Signal=GPIO_Input
PC14-OSC32_IN.GPIOParameters=GPIO_Speed,GPIO_Label,GPIO_ModeDefaultOutputPP
PC14-OSC32_IN.GPIO_Label=RELE1
PC14-OSC32_IN.GPIO_ModeDefaultOutputPP=GPIO_MODE_OUTPUT_PP
PC14-OSC32_IN.GPIO_Speed=GPIO_SPEED_MEDIUM
PC14-OSC32_IN.Locked=true
PC14-OSC32_IN.Signal=GPIO_Output
PC15-OSC32_OUT.GPIOParameters=GPIO_Speed,GPIO_Label,GPIO_ModeDefaultOutputPP
PC15-OSC32_OUT.GPIO_Label=RELE2
PC15-OSC32_OUT.GPIO_ModeDefaultOutputPP=GPIO_MODE_OUTPUT_PP
PC15-OSC32_OUT.GPIO_Speed=GPIO_SPEED_MEDIUM
PC15-OSC32_OUT.Locked=true
PC15-OSC32_OUT.Signal=GPIO_Output
PCC.Checker=false
PCC.Family=STM32F1
PCC.MCU=STM32F103C(8-B)Tx
PCC.MXVersion=4.7.1
PCC.PartNumber=STM32F103CBTx
PCC.Seq0=0
PCC.SubFamily=STM32F103
PCC.Temperature=25
PCC.Vdd=3.3
PD0-OSC_IN.Locked=true
PD0-OSC_IN.Mode=HSE-External-Oscillator
PD0-OSC_IN.Signal=RCC_OSC_IN
PD1-OSC_OUT.Locked=true
PD1-OSC_OUT.Mode=HSE-External-Oscillator
PD1-OSC_OUT.Signal=RCC_OSC_OUT
ProjectManager.AskForMigrate=true
ProjectManager.BackupPrevious=false
ProjectManager.CompilerOptimize=2
ProjectManager.ComputerToolchain=false
ProjectManager.CoupleFile=false
ProjectManager.DeletePrevious=true
ProjectManager.DeviceId=STM32F103CBTx
ProjectManager.FirmwarePackage=STM32Cube FW_F1 V1.0.0
ProjectManager.FreePins=true
ProjectManager.HalAssertFull=false
ProjectManager.KeepUserCode=true
ProjectManager.LastFirmware=true
ProjectManager.LibraryCopy=1
ProjectManager.ProjectBuild=false
ProjectManager.ProjectFileName=lights-on-proximity-sensor.ioc
ProjectManager.ProjectName=lights-on-proximity-sensor
ProjectManager.TargetToolchain=MDK-ARM V5
ProjectManager.ToolChainLocation=
RCC.ADCFreqValue=500000
RCC.AHBCLKDivider=RCC_SYSCLK_DIV16
RCC.AHBFreq_Value=1000000
RCC.APB1CLKDivider=RCC_HCLK_DIV2
RCC.APB1Freq_Value=500000
RCC.APB1TimFreq_Value=1000000
RCC.APB2Freq_Value=1000000
RCC.APB2TimFreq_Value=1000000
RCC.FCLKCortexFreq_Value=1000000
RCC.FamilyName=M
RCC.HCLKFreq_Value=1000000
RCC.HSIState=RCC_HSI_ON
RCC.IPParameters=HSIState,PLLSource,VCOOutput2Freq_Value,PLLMCOFreq_Value,FamilyName,APB1TimFreq_Value,AHBCLKDivider,APB2Freq_Value,APB1CLKDivider,HCLKFreq_Value,FCLKCortexFreq_Value,USBFreq_Value,AHBFreq_Value,PLLSourceVirtual,TimSysFreq_Value,ADCFreqValue,SYSCLKFreq_VALUE,SYSCLKSource,MCOFreq_Value,APB1Freq_Value,PLLCLKFreq_Value,APB2TimFreq_Value
RCC.MCOFreq_Value=16000000
RCC.PLLCLKFreq_Value=16000000
RCC.PLLMCOFreq_Value=8000000
RCC.PLLSource=RCC_PLLSOURCE_HSE
RCC.PLLSourceVirtual=RCC_PLLSOURCE_HSE
RCC.SYSCLKFreq_VALUE=16000000
RCC.SYSCLKSource=RCC_SYSCLKSOURCE_PLLCLK
RCC.TimSysFreq_Value=125000
RCC.USBFreq_Value=16000000
RCC.VCOOutput2Freq_Value=8000000
VP_FREERTOS_VS_ENABLE.Mode=Enabled
VP_FREERTOS_VS_ENABLE.Signal=FREERTOS_VS_ENABLE
